{
  "name": "devops-kubernetes",
  "version": "0.1.0",
  "lockfileVersion": 3,
  "requires": true,
  "packages": {
    "": {
      "name": "devops-kubernetes",
      "version": "0.1.0",
      "license": "ISC",
      "dependencies": {
        "uuid": "^14.0.1"
      },
      "devDependencies": {
        "typescript": "^6.0.3"
      }
    },
    "node_modules/typescript": {
      "version": "6.0.3",
      "resolved": "https://registry.npmjs.org/typescript/-/typescript-6.0.3.tgz",
      "integrity": "sha512-y2TvuxSZPDyQakkFRPZHKFm+KKVqIisdg9/CZwm9ftvKXLP8NRWj38/ODjNbr43SsoXqNuAisEf1GdCxqWcdBw==",
      "dev": true,
      "license": "Apache-2.0",
      "bin": {
        "tsc": "bin/tsc",
        "tsserver": "bin/tsserver"
      },
      "engines": {
        "node": ">=14.17"
      }
    },
    "node_modules/uuid": {
      "version": "14.0.1",
      "resolved": "https://registry.npmjs.org/uuid/-/uuid-14.0.1.tgz",
      "integrity": "sha512-6ZxzVpzDXDa3bJWaHilVayA+BH/1zmxCJoVgvmqJnid/gPoKHxUrS/aC/T6LGQtNHT+XHG9fXPJB4d+IrU30Ew==",
      "funding": [
        "https://github.com/sponsors/broofa",
        "https://github.com/sponsors/ctavan"
      ],
      "license": "MIT",
      "bin": {
        "uuid": "dist-node/bin/uuid"
      }
    }
  }
}
